%{
  "advent_of_code_utils": {:hex, :advent_of_code_utils, "3.0.0", "055e1e0b9019f63c8206fd0da2bd86d5049a60f9f801b250a996613b3e6b9de0", [:mix], [{:floki, "~> 0.34", [hex: :floki, repo: "hexpm", optional: false]}], "hexpm", "087f5b62e7bb913e226bd16a464e322a891f38599095f2d99fa9244603e68680"},
  "floki": {:hex, :floki, "0.34.0", "002d0cc194b48794d74711731db004fafeb328fe676976f160685262d43706a8", [:mix], [], "hexpm", "9c3a9f43f40dde00332a589bd9d389b90c1f518aef500364d00636acc5ebc99c"},
}
